
Microsoft Visual Studio Solution File, Format Version 12.00
# Visual Studio Version 17
VisualStudioVersion = 17.4.33205.214
MinimumVisualStudioVersion = 10.0.40219.1
Project("{9A19103F-16F7-4668-BE54-9A1E7A4F7556}") = "Domain", "Domain\Domain.csproj", "{D01DDECB-BAFE-4E70-B0F0-FF2DB4A9C41C}"
EndProject
Project("{9A19103F-16F7-4668-BE54-9A1E7A4F7556}") = "DomainServices", "DomainServices\DomainServices.csproj", "{2AEB80E4-F153-428D-98B3-1B566BF0DB0A}"
	ProjectSection(ProjectDependencies) = postProject
		{D01DDECB-BAFE-4E70-B0F0-FF2DB4A9C41C} = {D01DDECB-BAFE-4E70-B0F0-FF2DB4A9C41C}
	EndProjectSection
EndProject
Project("{9A19103F-16F7-4668-BE54-9A1E7A4F7556}") = "Infrastructure", "Infrastructure\Infrastructure.csproj", "{FF9049EA-64F6-405F-B7F7-ADC8ED08745E}"
	ProjectSection(ProjectDependencies) = postProject
		{2AEB80E4-F153-428D-98B3-1B566BF0DB0A} = {2AEB80E4-F153-428D-98B3-1B566BF0DB0A}
	EndProjectSection
EndProject
Global
	GlobalSection(SolutionConfigurationPlatforms) = preSolution
		Debug|Any CPU = Debug|Any CPU
		Release|Any CPU = Release|Any CPU
	EndGlobalSection
	GlobalSection(ProjectConfigurationPlatforms) = postSolution
		{D01DDECB-BAFE-4E70-B0F0-FF2DB4A9C41C}.Debug|Any CPU.ActiveCfg = Debug|Any CPU
		{D01DDECB-BAFE-4E70-B0F0-FF2DB4A9C41C}.Debug|Any CPU.Build.0 = Debug|Any CPU
		{D01DDECB-BAFE-4E70-B0F0-FF2DB4A9C41C}.Release|Any CPU.ActiveCfg = Release|Any CPU
		{D01DDECB-BAFE-4E70-B0F0-FF2DB4A9C41C}.Release|Any CPU.Build.0 = Release|Any CPU
		{2AEB80E4-F153-428D-98B3-1B566BF0DB0A}.Debug|Any CPU.ActiveCfg = Debug|Any CPU
		{2AEB80E4-F153-428D-98B3-1B566BF0DB0A}.Debug|Any CPU.Build.0 = Debug|Any CPU
		{2AEB80E4-F153-428D-98B3-1B566BF0DB0A}.Release|Any CPU.ActiveCfg = Release|Any CPU
		{2AEB80E4-F153-428D-98B3-1B566BF0DB0A}.Release|Any CPU.Build.0 = Release|Any CPU
		{FF9049EA-64F6-405F-B7F7-ADC8ED08745E}.Debug|Any CPU.ActiveCfg = Debug|Any CPU
		{FF9049EA-64F6-405F-B7F7-ADC8ED08745E}.Debug|Any CPU.Build.0 = Debug|Any CPU
		{FF9049EA-64F6-405F-B7F7-ADC8ED08745E}.Release|Any CPU.ActiveCfg = Release|Any CPU
		{FF9049EA-64F6-405F-B7F7-ADC8ED08745E}.Release|Any CPU.Build.0 = Release|Any CPU
	EndGlobalSection
	GlobalSection(SolutionProperties) = preSolution
		HideSolutionNode = FALSE
	EndGlobalSection
	GlobalSection(ExtensibilityGlobals) = postSolution
		SolutionGuid = {E0E25F46-7566-4FCA-9D70-5B6C28364305}
	EndGlobalSection
EndGlobal
